
Microsoft Visual Studio Solution File, Format Version 11.00
# Visual Studio 2010
Project("{FAE04EC0-301F-11D3-BF4B-00C04F79EFBC}") = "NSiege", "NSiege\NSiege.csproj", "{C664B441-548F-4466-B18F-E45AE7F91A7D}"
EndProject
Project("{FAE04EC0-301F-11D3-BF4B-00C04F79EFBC}") = "Framework example", "Framework example\Framework example.csproj", "{1E0A97B8-0FE3-4B67-9978-D86A448B1B0E}"
EndProject
Global
	GlobalSection(SolutionConfigurationPlatforms) = preSolution
		Debug|Any CPU = Debug|Any CPU
		Debug|Mixed Platforms = Debug|Mixed Platforms
		Debug|x86 = Debug|x86
		Release|Any CPU = Release|Any CPU
		Release|Mixed Platforms = Release|Mixed Platforms
		Release|x86 = Release|x86
	EndGlobalSection
	GlobalSection(ProjectConfigurationPlatforms) = postSolution
		{C664B441-548F-4466-B18F-E45AE7F91A7D}.Debug|Any CPU.ActiveCfg = Debug|Any CPU
		{C664B441-548F-4466-B18F-E45AE7F91A7D}.Debug|Any CPU.Build.0 = Debug|Any CPU
		{C664B441-548F-4466-B18F-E45AE7F91A7D}.Debug|Mixed Platforms.ActiveCfg = Debug|Any CPU
		{C664B441-548F-4466-B18F-E45AE7F91A7D}.Debug|Mixed Platforms.Build.0 = Debug|Any CPU
		{C664B441-548F-4466-B18F-E45AE7F91A7D}.Debug|x86.ActiveCfg = Debug|Any CPU
		{C664B441-548F-4466-B18F-E45AE7F91A7D}.Release|Any CPU.ActiveCfg = Release|Any CPU
		{C664B441-548F-4466-B18F-E45AE7F91A7D}.Release|Any CPU.Build.0 = Release|Any CPU
		{C664B441-548F-4466-B18F-E45AE7F91A7D}.Release|Mixed Platforms.ActiveCfg = Release|Any CPU
		{C664B441-548F-4466-B18F-E45AE7F91A7D}.Release|Mixed Platforms.Build.0 = Release|Any CPU
		{C664B441-548F-4466-B18F-E45AE7F91A7D}.Release|x86.ActiveCfg = Release|Any CPU
		{1E0A97B8-0FE3-4B67-9978-D86A448B1B0E}.Debug|Any CPU.ActiveCfg = Debug|x86
		{1E0A97B8-0FE3-4B67-9978-D86A448B1B0E}.Debug|Mixed Platforms.ActiveCfg = Debug|x86
		{1E0A97B8-0FE3-4B67-9978-D86A448B1B0E}.Debug|Mixed Platforms.Build.0 = Debug|x86
		{1E0A97B8-0FE3-4B67-9978-D86A448B1B0E}.Debug|x86.ActiveCfg = Debug|x86
		{1E0A97B8-0FE3-4B67-9978-D86A448B1B0E}.Debug|x86.Build.0 = Debug|x86
		{1E0A97B8-0FE3-4B67-9978-D86A448B1B0E}.Release|Any CPU.ActiveCfg = Release|x86
		{1E0A97B8-0FE3-4B67-9978-D86A448B1B0E}.Release|Mixed Platforms.ActiveCfg = Release|x86
		{1E0A97B8-0FE3-4B67-9978-D86A448B1B0E}.Release|Mixed Platforms.Build.0 = Release|x86
		{1E0A97B8-0FE3-4B67-9978-D86A448B1B0E}.Release|x86.ActiveCfg = Release|x86
		{1E0A97B8-0FE3-4B67-9978-D86A448B1B0E}.Release|x86.Build.0 = Release|x86
	EndGlobalSection
	GlobalSection(SolutionProperties) = preSolution
		HideSolutionNode = FALSE
	EndGlobalSection
EndGlobal
